
Microsoft Visual Studio Solution File, Format Version 12.00
# Visual Studio 15
VisualStudioVersion = 15.0.26124.0
MinimumVisualStudioVersion = 15.0.26124.0
Project("{2150E333-8FDC-42A3-9474-1A3956D46DE8}") = "BioEngine", "BioEngine", "{D8873A70-D362-46F4-8DE3-86D31B89B54D}"
ProjectSection(SolutionItems) = preProject
	azure-pipelines.yml = azure-pipelines.yml
EndProjectSection
EndProject
Project("{2150E333-8FDC-42A3-9474-1A3956D46DE8}") = "Core", "Core", "{C0DDE9D3-86DE-44E8-A885-5A808A15E011}"
EndProject
Project("{FAE04EC0-301F-11D3-BF4B-00C04F79EFBC}") = "BioEngine.Core", "src\BioEngine.Core\BioEngine.Core.csproj", "{EB6B871A-3906-424F-9CA3-A30CA222467F}"
EndProject
Project("{FAE04EC0-301F-11D3-BF4B-00C04F79EFBC}") = "BioEngine.Core.Api", "src\BioEngine.Core.Api\BioEngine.Core.Api.csproj", "{450AF78F-CCBD-4A67-804C-321D6EC49A57}"
EndProject
Project("{FAE04EC0-301F-11D3-BF4B-00C04F79EFBC}") = "BioEngine.Core.Comments", "src\BioEngine.Core.Comments\BioEngine.Core.Comments.csproj", "{CBB1949B-AEFC-46CD-9F6C-96B62A8D122D}"
EndProject
Project("{FAE04EC0-301F-11D3-BF4B-00C04F79EFBC}") = "BioEngine.Core.Logging", "src\BioEngine.Core.Logging\BioEngine.Core.Logging.csproj", "{3F49818B-606E-4A01-B97F-39CC61F68BED}"
EndProject
Project("{FAE04EC0-301F-11D3-BF4B-00C04F79EFBC}") = "BioEngine.Core.Logging.Loki", "src\BioEngine.Core.Logging.Loki\BioEngine.Core.Logging.Loki.csproj", "{1F4F129F-8CD0-4542-A250-9347D911D76E}"
EndProject
Project("{FAE04EC0-301F-11D3-BF4B-00C04F79EFBC}") = "BioEngine.Core.Logging.Graylog", "src\BioEngine.Core.Logging.Graylog\BioEngine.Core.Logging.Graylog.csproj", "{07BABC29-BF76-4B7C-B46F-5932D26B6E76}"
EndProject
Project("{FAE04EC0-301F-11D3-BF4B-00C04F79EFBC}") = "BioEngine.Core.Pages", "src\BioEngine.Core.Pages\BioEngine.Core.Pages.csproj", "{43991ECE-D2C0-4F43-BBD4-C2DA6CFDF3BF}"
EndProject
Project("{FAE04EC0-301F-11D3-BF4B-00C04F79EFBC}") = "BioEngine.Core.Posts", "src\BioEngine.Core.Posts\BioEngine.Core.Posts.csproj", "{E5D7D803-19CA-4CA8-B0C4-78F4873B0254}"
EndProject
Project("{FAE04EC0-301F-11D3-BF4B-00C04F79EFBC}") = "BioEngine.Core.Pages.Api", "src\BioEngine.Core.Pages.Api\BioEngine.Core.Pages.Api.csproj", "{CEBFE0EC-6CA6-4D72-8B36-E37F8800EC52}"
EndProject
Project("{FAE04EC0-301F-11D3-BF4B-00C04F79EFBC}") = "BioEngine.Core.Pages.Site", "src\BioEngine.Core.Pages.Site\BioEngine.Core.Pages.Site.csproj", "{3C5904D6-C490-4925-AE34-4361976FB4F6}"
EndProject
Project("{FAE04EC0-301F-11D3-BF4B-00C04F79EFBC}") = "BioEngine.Core.Posts.Api", "src\BioEngine.Core.Posts.Api\BioEngine.Core.Posts.Api.csproj", "{DD6A391A-F9CE-4D0E-804E-26BD3C243F14}"
EndProject
Project("{FAE04EC0-301F-11D3-BF4B-00C04F79EFBC}") = "BioEngine.Core.Posts.Site", "src\BioEngine.Core.Posts.Site\BioEngine.Core.Posts.Site.csproj", "{62E72195-C841-44A1-A430-AC0E08F403E8}"
EndProject
Project("{FAE04EC0-301F-11D3-BF4B-00C04F79EFBC}") = "BioEngine.Core.Search", "src\BioEngine.Core.Search\BioEngine.Core.Search.csproj", "{C4818FAB-F042-447D-A939-0893608566D9}"
EndProject
Project("{FAE04EC0-301F-11D3-BF4B-00C04F79EFBC}") = "BioEngine.Core.Seo", "src\BioEngine.Core.Seo\BioEngine.Core.Seo.csproj", "{8378F4F5-55EA-402B-8F48-5E9393DC63F6}"
EndProject
Project("{FAE04EC0-301F-11D3-BF4B-00C04F79EFBC}") = "BioEngine.Core.Site", "src\BioEngine.Core.Site\BioEngine.Core.Site.csproj", "{484A959E-5D9E-4B03-BBD8-68223038D0B9}"
EndProject
Project("{FAE04EC0-301F-11D3-BF4B-00C04F79EFBC}") = "BioEngine.Core.Social", "src\BioEngine.Core.Social\BioEngine.Core.Social.csproj", "{3DE15D9F-B25B-4B38-B958-4726CB86595C}"
EndProject
Project("{FAE04EC0-301F-11D3-BF4B-00C04F79EFBC}") = "BioEngine.Core.Storage", "src\BioEngine.Core.Storage\BioEngine.Core.Storage.csproj", "{5446B5B3-4DB6-4F9D-947C-3758F4F8531E}"
EndProject
Project("{FAE04EC0-301F-11D3-BF4B-00C04F79EFBC}") = "BioEngine.Core.Web", "src\BioEngine.Core.Web\BioEngine.Core.Web.csproj", "{8EA885D1-C3B1-4E31-993C-DD1AF07487C7}"
EndProject
Project("{FAE04EC0-301F-11D3-BF4B-00C04F79EFBC}") = "BioEngine.Core.Db.InMemory", "src\BioEngine.Core.Db.InMemory\BioEngine.Core.Db.InMemory.csproj", "{F5A282E9-E3A8-476B-B855-8F3A273D80CE}"
EndProject
Project("{FAE04EC0-301F-11D3-BF4B-00C04F79EFBC}") = "BioEngine.Core.Db.PostgreSQL", "src\BioEngine.Core.Db.PostgreSQL\BioEngine.Core.Db.PostgreSQL.csproj", "{D4906062-9506-4F36-9CB2-F3747A2C1BE5}"
EndProject
Project("{FAE04EC0-301F-11D3-BF4B-00C04F79EFBC}") = "BioEngine.Core.Storage.FileSystem", "src\BioEngine.Core.Storage.FileSystem\BioEngine.Core.Storage.FileSystem.csproj", "{9FBC927D-4DC7-4928-869A-28ADDD7E051D}"
EndProject
Project("{FAE04EC0-301F-11D3-BF4B-00C04F79EFBC}") = "BioEngine.Core.Storage.S3", "src\BioEngine.Core.Storage.S3\BioEngine.Core.Storage.S3.csproj", "{37532839-2FBB-4972-B233-29573466C1DF}"
EndProject
Project("{FAE04EC0-301F-11D3-BF4B-00C04F79EFBC}") = "BioEngine.Core.Tests.Xunit", "src\BioEngine.Core.Tests.Xunit\BioEngine.Core.Tests.Xunit.csproj", "{C44B044D-2830-44DE-99FE-599E5BFB249A}"
EndProject
Project("{FAE04EC0-301F-11D3-BF4B-00C04F79EFBC}") = "BioEngine.Core.Tests", "tests\BioEngine.Core.Tests\BioEngine.Core.Tests.csproj", "{93F34560-3046-42E8-A31A-4F9BCCABDD8D}"
EndProject
Project("{FAE04EC0-301F-11D3-BF4B-00C04F79EFBC}") = "BioEngine.Core.Users", "src\BioEngine.Core.Users\BioEngine.Core.Users.csproj", "{B9C28DEC-A32A-460E-986D-A4A3036D730F}"
EndProject
Project("{FAE04EC0-301F-11D3-BF4B-00C04F79EFBC}") = "BioEngine.Extra.Ads", "src\BioEngine.Extra.Ads\BioEngine.Extra.Ads.csproj", "{7D9CA92A-6A7D-466D-A806-926CECA8F2CF}"
EndProject
Project("{FAE04EC0-301F-11D3-BF4B-00C04F79EFBC}") = "BioEngine.Extra.Ads.Api", "src\BioEngine.Extra.Ads.Api\BioEngine.Extra.Ads.Api.csproj", "{2667A1B6-C000-47A5-B62A-6EC05F8B11A8}"
EndProject
Project("{FAE04EC0-301F-11D3-BF4B-00C04F79EFBC}") = "BioEngine.Extra.Ads.Site", "src\BioEngine.Extra.Ads.Site\BioEngine.Extra.Ads.Site.csproj", "{DF4E01A0-1493-4FC1-BE9A-D2B2CD20A984}"
EndProject
Project("{2150E333-8FDC-42A3-9474-1A3956D46DE8}") = "Extra", "Extra", "{583ECE64-DF85-43EF-82F7-E128C3373067}"
EndProject
Project("{2150E333-8FDC-42A3-9474-1A3956D46DE8}") = "Ads", "Ads", "{2C4193EB-242F-4F57-912E-BF81B4E12354}"
EndProject
Project("{2150E333-8FDC-42A3-9474-1A3956D46DE8}") = "Ipb", "Ipb", "{41E58F4F-3E09-4EB3-A762-5AF1F7A8DB53}"
EndProject
Project("{FAE04EC0-301F-11D3-BF4B-00C04F79EFBC}") = "BioEngine.Extra.IPB", "src\BioEngine.Extra.IPB\BioEngine.Extra.IPB.csproj", "{08881F4F-3CD6-4BAE-84F8-72CDE7778448}"
EndProject
Project("{2150E333-8FDC-42A3-9474-1A3956D46DE8}") = "Facebook", "Facebook", "{73F841DF-2208-4EE1-B999-BA9D67AEDBD3}"
EndProject
Project("{FAE04EC0-301F-11D3-BF4B-00C04F79EFBC}") = "BioEngine.Extra.Facebook", "src\BioEngine.Extra.Facebook\BioEngine.Extra.Facebook.csproj", "{EDC81B0A-684E-4B58-86D0-D5FEBCFB12CB}"
EndProject
Project("{2150E333-8FDC-42A3-9474-1A3956D46DE8}") = "Twitter", "Twitter", "{21FB39B6-7679-4679-A90B-FB84C136DB49}"
EndProject
Project("{FAE04EC0-301F-11D3-BF4B-00C04F79EFBC}") = "BioEngine.Extra.Twitter", "src\BioEngine.Extra.Twitter\BioEngine.Extra.Twitter.csproj", "{5CEEC4F5-7BB2-4382-96D8-3BCF98E2EE48}"
EndProject
Project("{2150E333-8FDC-42A3-9474-1A3956D46DE8}") = "OpenId", "OpenId", "{844BDC66-4193-4D3B-AAAD-47CFCB098BCC}"
EndProject
Project("{FAE04EC0-301F-11D3-BF4B-00C04F79EFBC}") = "BioEngine.Extra.OpenId", "src\BioEngine.Extra.OpenId\BioEngine.Extra.OpenId.csproj", "{E07B5B22-2F4A-4EB7-8C16-51C1C2386B68}"
EndProject
Project("{FAE04EC0-301F-11D3-BF4B-00C04F79EFBC}") = "BioEngine.Extra.OpenId.Api", "src\BioEngine.Extra.OpenId.Api\BioEngine.Extra.OpenId.Api.csproj", "{8EF23CCB-A2DF-4111-BE6A-C1588DA63236}"
EndProject
Project("{FAE04EC0-301F-11D3-BF4B-00C04F79EFBC}") = "BioEngine.Extra.OpenId.Site", "src\BioEngine.Extra.OpenId.Site\BioEngine.Extra.OpenId.Site.csproj", "{AA7796C8-DC93-49E8-B0D3-5BC4731E0885}"
EndProject
Project("{2150E333-8FDC-42A3-9474-1A3956D46DE8}") = "Posts", "Posts", "{B14C1168-1E20-413C-9B35-7B30CE153820}"
EndProject
Project("{2150E333-8FDC-42A3-9474-1A3956D46DE8}") = "Pages", "Pages", "{DAB004DE-F96D-4E92-B0A5-D9A4654AAEEF}"
EndProject
Project("{2150E333-8FDC-42A3-9474-1A3956D46DE8}") = "Db", "Db", "{D155E651-263F-4AC1-AD68-777996E0F840}"
EndProject
Project("{2150E333-8FDC-42A3-9474-1A3956D46DE8}") = "Logging", "Logging", "{68A8E3BC-34D9-4767-A102-5D3F55B0F4E1}"
EndProject
Project("{2150E333-8FDC-42A3-9474-1A3956D46DE8}") = "Storage", "Storage", "{22B74F46-55E3-49B9-8692-FD727B087342}"
EndProject
Project("{2150E333-8FDC-42A3-9474-1A3956D46DE8}") = "Tests", "Tests", "{C96985E8-EEEE-467E-AB3E-F8DC5DD59FE0}"
EndProject
Global
	GlobalSection(SolutionConfigurationPlatforms) = preSolution
		Debug|Any CPU = Debug|Any CPU
		Debug|x64 = Debug|x64
		Debug|x86 = Debug|x86
		Release|Any CPU = Release|Any CPU
		Release|x64 = Release|x64
		Release|x86 = Release|x86
	EndGlobalSection
	GlobalSection(SolutionProperties) = preSolution
		HideSolutionNode = FALSE
	EndGlobalSection
	GlobalSection(ProjectConfigurationPlatforms) = postSolution
		{EB6B871A-3906-424F-9CA3-A30CA222467F}.Debug|Any CPU.ActiveCfg = Debug|Any CPU
		{EB6B871A-3906-424F-9CA3-A30CA222467F}.Debug|Any CPU.Build.0 = Debug|Any CPU
		{EB6B871A-3906-424F-9CA3-A30CA222467F}.Debug|x64.ActiveCfg = Debug|Any CPU
		{EB6B871A-3906-424F-9CA3-A30CA222467F}.Debug|x64.Build.0 = Debug|Any CPU
		{EB6B871A-3906-424F-9CA3-A30CA222467F}.Debug|x86.ActiveCfg = Debug|Any CPU
		{EB6B871A-3906-424F-9CA3-A30CA222467F}.Debug|x86.Build.0 = Debug|Any CPU
		{EB6B871A-3906-424F-9CA3-A30CA222467F}.Release|Any CPU.ActiveCfg = Release|Any CPU
		{EB6B871A-3906-424F-9CA3-A30CA222467F}.Release|Any CPU.Build.0 = Release|Any CPU
		{EB6B871A-3906-424F-9CA3-A30CA222467F}.Release|x64.ActiveCfg = Release|Any CPU
		{EB6B871A-3906-424F-9CA3-A30CA222467F}.Release|x64.Build.0 = Release|Any CPU
		{EB6B871A-3906-424F-9CA3-A30CA222467F}.Release|x86.ActiveCfg = Release|Any CPU
		{EB6B871A-3906-424F-9CA3-A30CA222467F}.Release|x86.Build.0 = Release|Any CPU
		{450AF78F-CCBD-4A67-804C-321D6EC49A57}.Debug|Any CPU.ActiveCfg = Debug|Any CPU
		{450AF78F-CCBD-4A67-804C-321D6EC49A57}.Debug|Any CPU.Build.0 = Debug|Any CPU
		{450AF78F-CCBD-4A67-804C-321D6EC49A57}.Debug|x64.ActiveCfg = Debug|Any CPU
		{450AF78F-CCBD-4A67-804C-321D6EC49A57}.Debug|x64.Build.0 = Debug|Any CPU
		{450AF78F-CCBD-4A67-804C-321D6EC49A57}.Debug|x86.ActiveCfg = Debug|Any CPU
		{450AF78F-CCBD-4A67-804C-321D6EC49A57}.Debug|x86.Build.0 = Debug|Any CPU
		{450AF78F-CCBD-4A67-804C-321D6EC49A57}.Release|Any CPU.ActiveCfg = Release|Any CPU
		{450AF78F-CCBD-4A67-804C-321D6EC49A57}.Release|Any CPU.Build.0 = Release|Any CPU
		{450AF78F-CCBD-4A67-804C-321D6EC49A57}.Release|x64.ActiveCfg = Release|Any CPU
		{450AF78F-CCBD-4A67-804C-321D6EC49A57}.Release|x64.Build.0 = Release|Any CPU
		{450AF78F-CCBD-4A67-804C-321D6EC49A57}.Release|x86.ActiveCfg = Release|Any CPU
		{450AF78F-CCBD-4A67-804C-321D6EC49A57}.Release|x86.Build.0 = Release|Any CPU
		{CBB1949B-AEFC-46CD-9F6C-96B62A8D122D}.Debug|Any CPU.ActiveCfg = Debug|Any CPU
		{CBB1949B-AEFC-46CD-9F6C-96B62A8D122D}.Debug|Any CPU.Build.0 = Debug|Any CPU
		{CBB1949B-AEFC-46CD-9F6C-96B62A8D122D}.Debug|x64.ActiveCfg = Debug|Any CPU
		{CBB1949B-AEFC-46CD-9F6C-96B62A8D122D}.Debug|x64.Build.0 = Debug|Any CPU
		{CBB1949B-AEFC-46CD-9F6C-96B62A8D122D}.Debug|x86.ActiveCfg = Debug|Any CPU
		{CBB1949B-AEFC-46CD-9F6C-96B62A8D122D}.Debug|x86.Build.0 = Debug|Any CPU
		{CBB1949B-AEFC-46CD-9F6C-96B62A8D122D}.Release|Any CPU.ActiveCfg = Release|Any CPU
		{CBB1949B-AEFC-46CD-9F6C-96B62A8D122D}.Release|Any CPU.Build.0 = Release|Any CPU
		{CBB1949B-AEFC-46CD-9F6C-96B62A8D122D}.Release|x64.ActiveCfg = Release|Any CPU
		{CBB1949B-AEFC-46CD-9F6C-96B62A8D122D}.Release|x64.Build.0 = Release|Any CPU
		{CBB1949B-AEFC-46CD-9F6C-96B62A8D122D}.Release|x86.ActiveCfg = Release|Any CPU
		{CBB1949B-AEFC-46CD-9F6C-96B62A8D122D}.Release|x86.Build.0 = Release|Any CPU
		{3F49818B-606E-4A01-B97F-39CC61F68BED}.Debug|Any CPU.ActiveCfg = Debug|Any CPU
		{3F49818B-606E-4A01-B97F-39CC61F68BED}.Debug|Any CPU.Build.0 = Debug|Any CPU
		{3F49818B-606E-4A01-B97F-39CC61F68BED}.Debug|x64.ActiveCfg = Debug|Any CPU
		{3F49818B-606E-4A01-B97F-39CC61F68BED}.Debug|x64.Build.0 = Debug|Any CPU
		{3F49818B-606E-4A01-B97F-39CC61F68BED}.Debug|x86.ActiveCfg = Debug|Any CPU
		{3F49818B-606E-4A01-B97F-39CC61F68BED}.Debug|x86.Build.0 = Debug|Any CPU
		{3F49818B-606E-4A01-B97F-39CC61F68BED}.Release|Any CPU.ActiveCfg = Release|Any CPU
		{3F49818B-606E-4A01-B97F-39CC61F68BED}.Release|Any CPU.Build.0 = Release|Any CPU
		{3F49818B-606E-4A01-B97F-39CC61F68BED}.Release|x64.ActiveCfg = Release|Any CPU
		{3F49818B-606E-4A01-B97F-39CC61F68BED}.Release|x64.Build.0 = Release|Any CPU
		{3F49818B-606E-4A01-B97F-39CC61F68BED}.Release|x86.ActiveCfg = Release|Any CPU
		{3F49818B-606E-4A01-B97F-39CC61F68BED}.Release|x86.Build.0 = Release|Any CPU
		{1F4F129F-8CD0-4542-A250-9347D911D76E}.Debug|Any CPU.ActiveCfg = Debug|Any CPU
		{1F4F129F-8CD0-4542-A250-9347D911D76E}.Debug|Any CPU.Build.0 = Debug|Any CPU
		{1F4F129F-8CD0-4542-A250-9347D911D76E}.Debug|x64.ActiveCfg = Debug|Any CPU
		{1F4F129F-8CD0-4542-A250-9347D911D76E}.Debug|x64.Build.0 = Debug|Any CPU
		{1F4F129F-8CD0-4542-A250-9347D911D76E}.Debug|x86.ActiveCfg = Debug|Any CPU
		{1F4F129F-8CD0-4542-A250-9347D911D76E}.Debug|x86.Build.0 = Debug|Any CPU
		{1F4F129F-8CD0-4542-A250-9347D911D76E}.Release|Any CPU.ActiveCfg = Release|Any CPU
		{1F4F129F-8CD0-4542-A250-9347D911D76E}.Release|Any CPU.Build.0 = Release|Any CPU
		{1F4F129F-8CD0-4542-A250-9347D911D76E}.Release|x64.ActiveCfg = Release|Any CPU
		{1F4F129F-8CD0-4542-A250-9347D911D76E}.Release|x64.Build.0 = Release|Any CPU
		{1F4F129F-8CD0-4542-A250-9347D911D76E}.Release|x86.ActiveCfg = Release|Any CPU
		{1F4F129F-8CD0-4542-A250-9347D911D76E}.Release|x86.Build.0 = Release|Any CPU
		{07BABC29-BF76-4B7C-B46F-5932D26B6E76}.Debug|Any CPU.ActiveCfg = Debug|Any CPU
		{07BABC29-BF76-4B7C-B46F-5932D26B6E76}.Debug|Any CPU.Build.0 = Debug|Any CPU
		{07BABC29-BF76-4B7C-B46F-5932D26B6E76}.Debug|x64.ActiveCfg = Debug|Any CPU
		{07BABC29-BF76-4B7C-B46F-5932D26B6E76}.Debug|x64.Build.0 = Debug|Any CPU
		{07BABC29-BF76-4B7C-B46F-5932D26B6E76}.Debug|x86.ActiveCfg = Debug|Any CPU
		{07BABC29-BF76-4B7C-B46F-5932D26B6E76}.Debug|x86.Build.0 = Debug|Any CPU
		{07BABC29-BF76-4B7C-B46F-5932D26B6E76}.Release|Any CPU.ActiveCfg = Release|Any CPU
		{07BABC29-BF76-4B7C-B46F-5932D26B6E76}.Release|Any CPU.Build.0 = Release|Any CPU
		{07BABC29-BF76-4B7C-B46F-5932D26B6E76}.Release|x64.ActiveCfg = Release|Any CPU
		{07BABC29-BF76-4B7C-B46F-5932D26B6E76}.Release|x64.Build.0 = Release|Any CPU
		{07BABC29-BF76-4B7C-B46F-5932D26B6E76}.Release|x86.ActiveCfg = Release|Any CPU
		{07BABC29-BF76-4B7C-B46F-5932D26B6E76}.Release|x86.Build.0 = Release|Any CPU
		{43991ECE-D2C0-4F43-BBD4-C2DA6CFDF3BF}.Debug|Any CPU.ActiveCfg = Debug|Any CPU
		{43991ECE-D2C0-4F43-BBD4-C2DA6CFDF3BF}.Debug|Any CPU.Build.0 = Debug|Any CPU
		{43991ECE-D2C0-4F43-BBD4-C2DA6CFDF3BF}.Debug|x64.ActiveCfg = Debug|Any CPU
		{43991ECE-D2C0-4F43-BBD4-C2DA6CFDF3BF}.Debug|x64.Build.0 = Debug|Any CPU
		{43991ECE-D2C0-4F43-BBD4-C2DA6CFDF3BF}.Debug|x86.ActiveCfg = Debug|Any CPU
		{43991ECE-D2C0-4F43-BBD4-C2DA6CFDF3BF}.Debug|x86.Build.0 = Debug|Any CPU
		{43991ECE-D2C0-4F43-BBD4-C2DA6CFDF3BF}.Release|Any CPU.ActiveCfg = Release|Any CPU
		{43991ECE-D2C0-4F43-BBD4-C2DA6CFDF3BF}.Release|Any CPU.Build.0 = Release|Any CPU
		{43991ECE-D2C0-4F43-BBD4-C2DA6CFDF3BF}.Release|x64.ActiveCfg = Release|Any CPU
		{43991ECE-D2C0-4F43-BBD4-C2DA6CFDF3BF}.Release|x64.Build.0 = Release|Any CPU
		{43991ECE-D2C0-4F43-BBD4-C2DA6CFDF3BF}.Release|x86.ActiveCfg = Release|Any CPU
		{43991ECE-D2C0-4F43-BBD4-C2DA6CFDF3BF}.Release|x86.Build.0 = Release|Any CPU
		{E5D7D803-19CA-4CA8-B0C4-78F4873B0254}.Debug|Any CPU.ActiveCfg = Debug|Any CPU
		{E5D7D803-19CA-4CA8-B0C4-78F4873B0254}.Debug|Any CPU.Build.0 = Debug|Any CPU
		{E5D7D803-19CA-4CA8-B0C4-78F4873B0254}.Debug|x64.ActiveCfg = Debug|Any CPU
		{E5D7D803-19CA-4CA8-B0C4-78F4873B0254}.Debug|x64.Build.0 = Debug|Any CPU
		{E5D7D803-19CA-4CA8-B0C4-78F4873B0254}.Debug|x86.ActiveCfg = Debug|Any CPU
		{E5D7D803-19CA-4CA8-B0C4-78F4873B0254}.Debug|x86.Build.0 = Debug|Any CPU
		{E5D7D803-19CA-4CA8-B0C4-78F4873B0254}.Release|Any CPU.ActiveCfg = Release|Any CPU
		{E5D7D803-19CA-4CA8-B0C4-78F4873B0254}.Release|Any CPU.Build.0 = Release|Any CPU
		{E5D7D803-19CA-4CA8-B0C4-78F4873B0254}.Release|x64.ActiveCfg = Release|Any CPU
		{E5D7D803-19CA-4CA8-B0C4-78F4873B0254}.Release|x64.Build.0 = Release|Any CPU
		{E5D7D803-19CA-4CA8-B0C4-78F4873B0254}.Release|x86.ActiveCfg = Release|Any CPU
		{E5D7D803-19CA-4CA8-B0C4-78F4873B0254}.Release|x86.Build.0 = Release|Any CPU
		{CEBFE0EC-6CA6-4D72-8B36-E37F8800EC52}.Debug|Any CPU.ActiveCfg = Debug|Any CPU
		{CEBFE0EC-6CA6-4D72-8B36-E37F8800EC52}.Debug|Any CPU.Build.0 = Debug|Any CPU
		{CEBFE0EC-6CA6-4D72-8B36-E37F8800EC52}.Debug|x64.ActiveCfg = Debug|Any CPU
		{CEBFE0EC-6CA6-4D72-8B36-E37F8800EC52}.Debug|x64.Build.0 = Debug|Any CPU
		{CEBFE0EC-6CA6-4D72-8B36-E37F8800EC52}.Debug|x86.ActiveCfg = Debug|Any CPU
		{CEBFE0EC-6CA6-4D72-8B36-E37F8800EC52}.Debug|x86.Build.0 = Debug|Any CPU
		{CEBFE0EC-6CA6-4D72-8B36-E37F8800EC52}.Release|Any CPU.ActiveCfg = Release|Any CPU
		{CEBFE0EC-6CA6-4D72-8B36-E37F8800EC52}.Release|Any CPU.Build.0 = Release|Any CPU
		{CEBFE0EC-6CA6-4D72-8B36-E37F8800EC52}.Release|x64.ActiveCfg = Release|Any CPU
		{CEBFE0EC-6CA6-4D72-8B36-E37F8800EC52}.Release|x64.Build.0 = Release|Any CPU
		{CEBFE0EC-6CA6-4D72-8B36-E37F8800EC52}.Release|x86.ActiveCfg = Release|Any CPU
		{CEBFE0EC-6CA6-4D72-8B36-E37F8800EC52}.Release|x86.Build.0 = Release|Any CPU
		{3C5904D6-C490-4925-AE34-4361976FB4F6}.Debug|Any CPU.ActiveCfg = Debug|Any CPU
		{3C5904D6-C490-4925-AE34-4361976FB4F6}.Debug|Any CPU.Build.0 = Debug|Any CPU
		{3C5904D6-C490-4925-AE34-4361976FB4F6}.Debug|x64.ActiveCfg = Debug|Any CPU
		{3C5904D6-C490-4925-AE34-4361976FB4F6}.Debug|x64.Build.0 = Debug|Any CPU
		{3C5904D6-C490-4925-AE34-4361976FB4F6}.Debug|x86.ActiveCfg = Debug|Any CPU
		{3C5904D6-C490-4925-AE34-4361976FB4F6}.Debug|x86.Build.0 = Debug|Any CPU
		{3C5904D6-C490-4925-AE34-4361976FB4F6}.Release|Any CPU.ActiveCfg = Release|Any CPU
		{3C5904D6-C490-4925-AE34-4361976FB4F6}.Release|Any CPU.Build.0 = Release|Any CPU
		{3C5904D6-C490-4925-AE34-4361976FB4F6}.Release|x64.ActiveCfg = Release|Any CPU
		{3C5904D6-C490-4925-AE34-4361976FB4F6}.Release|x64.Build.0 = Release|Any CPU
		{3C5904D6-C490-4925-AE34-4361976FB4F6}.Release|x86.ActiveCfg = Release|Any CPU
		{3C5904D6-C490-4925-AE34-4361976FB4F6}.Release|x86.Build.0 = Release|Any CPU
		{DD6A391A-F9CE-4D0E-804E-26BD3C243F14}.Debug|Any CPU.ActiveCfg = Debug|Any CPU
		{DD6A391A-F9CE-4D0E-804E-26BD3C243F14}.Debug|Any CPU.Build.0 = Debug|Any CPU
		{DD6A391A-F9CE-4D0E-804E-26BD3C243F14}.Debug|x64.ActiveCfg = Debug|Any CPU
		{DD6A391A-F9CE-4D0E-804E-26BD3C243F14}.Debug|x64.Build.0 = Debug|Any CPU
		{DD6A391A-F9CE-4D0E-804E-26BD3C243F14}.Debug|x86.ActiveCfg = Debug|Any CPU
		{DD6A391A-F9CE-4D0E-804E-26BD3C243F14}.Debug|x86.Build.0 = Debug|Any CPU
		{DD6A391A-F9CE-4D0E-804E-26BD3C243F14}.Release|Any CPU.ActiveCfg = Release|Any CPU
		{DD6A391A-F9CE-4D0E-804E-26BD3C243F14}.Release|Any CPU.Build.0 = Release|Any CPU
		{DD6A391A-F9CE-4D0E-804E-26BD3C243F14}.Release|x64.ActiveCfg = Release|Any CPU
		{DD6A391A-F9CE-4D0E-804E-26BD3C243F14}.Release|x64.Build.0 = Release|Any CPU
		{DD6A391A-F9CE-4D0E-804E-26BD3C243F14}.Release|x86.ActiveCfg = Release|Any CPU
		{DD6A391A-F9CE-4D0E-804E-26BD3C243F14}.Release|x86.Build.0 = Release|Any CPU
		{62E72195-C841-44A1-A430-AC0E08F403E8}.Debug|Any CPU.ActiveCfg = Debug|Any CPU
		{62E72195-C841-44A1-A430-AC0E08F403E8}.Debug|Any CPU.Build.0 = Debug|Any CPU
		{62E72195-C841-44A1-A430-AC0E08F403E8}.Debug|x64.ActiveCfg = Debug|Any CPU
		{62E72195-C841-44A1-A430-AC0E08F403E8}.Debug|x64.Build.0 = Debug|Any CPU
		{62E72195-C841-44A1-A430-AC0E08F403E8}.Debug|x86.ActiveCfg = Debug|Any CPU
		{62E72195-C841-44A1-A430-AC0E08F403E8}.Debug|x86.Build.0 = Debug|Any CPU
		{62E72195-C841-44A1-A430-AC0E08F403E8}.Release|Any CPU.ActiveCfg = Release|Any CPU
		{62E72195-C841-44A1-A430-AC0E08F403E8}.Release|Any CPU.Build.0 = Release|Any CPU
		{62E72195-C841-44A1-A430-AC0E08F403E8}.Release|x64.ActiveCfg = Release|Any CPU
		{62E72195-C841-44A1-A430-AC0E08F403E8}.Release|x64.Build.0 = Release|Any CPU
		{62E72195-C841-44A1-A430-AC0E08F403E8}.Release|x86.ActiveCfg = Release|Any CPU
		{62E72195-C841-44A1-A430-AC0E08F403E8}.Release|x86.Build.0 = Release|Any CPU
		{C4818FAB-F042-447D-A939-0893608566D9}.Debug|Any CPU.ActiveCfg = Debug|Any CPU
		{C4818FAB-F042-447D-A939-0893608566D9}.Debug|Any CPU.Build.0 = Debug|Any CPU
		{C4818FAB-F042-447D-A939-0893608566D9}.Debug|x64.ActiveCfg = Debug|Any CPU
		{C4818FAB-F042-447D-A939-0893608566D9}.Debug|x64.Build.0 = Debug|Any CPU
		{C4818FAB-F042-447D-A939-0893608566D9}.Debug|x86.ActiveCfg = Debug|Any CPU
		{C4818FAB-F042-447D-A939-0893608566D9}.Debug|x86.Build.0 = Debug|Any CPU
		{C4818FAB-F042-447D-A939-0893608566D9}.Release|Any CPU.ActiveCfg = Release|Any CPU
		{C4818FAB-F042-447D-A939-0893608566D9}.Release|Any CPU.Build.0 = Release|Any CPU
		{C4818FAB-F042-447D-A939-0893608566D9}.Release|x64.ActiveCfg = Release|Any CPU
		{C4818FAB-F042-447D-A939-0893608566D9}.Release|x64.Build.0 = Release|Any CPU
		{C4818FAB-F042-447D-A939-0893608566D9}.Release|x86.ActiveCfg = Release|Any CPU
		{C4818FAB-F042-447D-A939-0893608566D9}.Release|x86.Build.0 = Release|Any CPU
		{8378F4F5-55EA-402B-8F48-5E9393DC63F6}.Debug|Any CPU.ActiveCfg = Debug|Any CPU
		{8378F4F5-55EA-402B-8F48-5E9393DC63F6}.Debug|Any CPU.Build.0 = Debug|Any CPU
		{8378F4F5-55EA-402B-8F48-5E9393DC63F6}.Debug|x64.ActiveCfg = Debug|Any CPU
		{8378F4F5-55EA-402B-8F48-5E9393DC63F6}.Debug|x64.Build.0 = Debug|Any CPU
		{8378F4F5-55EA-402B-8F48-5E9393DC63F6}.Debug|x86.ActiveCfg = Debug|Any CPU
		{8378F4F5-55EA-402B-8F48-5E9393DC63F6}.Debug|x86.Build.0 = Debug|Any CPU
		{8378F4F5-55EA-402B-8F48-5E9393DC63F6}.Release|Any CPU.ActiveCfg = Release|Any CPU
		{8378F4F5-55EA-402B-8F48-5E9393DC63F6}.Release|Any CPU.Build.0 = Release|Any CPU
		{8378F4F5-55EA-402B-8F48-5E9393DC63F6}.Release|x64.ActiveCfg = Release|Any CPU
		{8378F4F5-55EA-402B-8F48-5E9393DC63F6}.Release|x64.Build.0 = Release|Any CPU
		{8378F4F5-55EA-402B-8F48-5E9393DC63F6}.Release|x86.ActiveCfg = Release|Any CPU
		{8378F4F5-55EA-402B-8F48-5E9393DC63F6}.Release|x86.Build.0 = Release|Any CPU
		{484A959E-5D9E-4B03-BBD8-68223038D0B9}.Debug|Any CPU.ActiveCfg = Debug|Any CPU
		{484A959E-5D9E-4B03-BBD8-68223038D0B9}.Debug|Any CPU.Build.0 = Debug|Any CPU
		{484A959E-5D9E-4B03-BBD8-68223038D0B9}.Debug|x64.ActiveCfg = Debug|Any CPU
		{484A959E-5D9E-4B03-BBD8-68223038D0B9}.Debug|x64.Build.0 = Debug|Any CPU
		{484A959E-5D9E-4B03-BBD8-68223038D0B9}.Debug|x86.ActiveCfg = Debug|Any CPU
		{484A959E-5D9E-4B03-BBD8-68223038D0B9}.Debug|x86.Build.0 = Debug|Any CPU
		{484A959E-5D9E-4B03-BBD8-68223038D0B9}.Release|Any CPU.ActiveCfg = Release|Any CPU
		{484A959E-5D9E-4B03-BBD8-68223038D0B9}.Release|Any CPU.Build.0 = Release|Any CPU
		{484A959E-5D9E-4B03-BBD8-68223038D0B9}.Release|x64.ActiveCfg = Release|Any CPU
		{484A959E-5D9E-4B03-BBD8-68223038D0B9}.Release|x64.Build.0 = Release|Any CPU
		{484A959E-5D9E-4B03-BBD8-68223038D0B9}.Release|x86.ActiveCfg = Release|Any CPU
		{484A959E-5D9E-4B03-BBD8-68223038D0B9}.Release|x86.Build.0 = Release|Any CPU
		{3DE15D9F-B25B-4B38-B958-4726CB86595C}.Debug|Any CPU.ActiveCfg = Debug|Any CPU
		{3DE15D9F-B25B-4B38-B958-4726CB86595C}.Debug|Any CPU.Build.0 = Debug|Any CPU
		{3DE15D9F-B25B-4B38-B958-4726CB86595C}.Debug|x64.ActiveCfg = Debug|Any CPU
		{3DE15D9F-B25B-4B38-B958-4726CB86595C}.Debug|x64.Build.0 = Debug|Any CPU
		{3DE15D9F-B25B-4B38-B958-4726CB86595C}.Debug|x86.ActiveCfg = Debug|Any CPU
		{3DE15D9F-B25B-4B38-B958-4726CB86595C}.Debug|x86.Build.0 = Debug|Any CPU
		{3DE15D9F-B25B-4B38-B958-4726CB86595C}.Release|Any CPU.ActiveCfg = Release|Any CPU
		{3DE15D9F-B25B-4B38-B958-4726CB86595C}.Release|Any CPU.Build.0 = Release|Any CPU
		{3DE15D9F-B25B-4B38-B958-4726CB86595C}.Release|x64.ActiveCfg = Release|Any CPU
		{3DE15D9F-B25B-4B38-B958-4726CB86595C}.Release|x64.Build.0 = Release|Any CPU
		{3DE15D9F-B25B-4B38-B958-4726CB86595C}.Release|x86.ActiveCfg = Release|Any CPU
		{3DE15D9F-B25B-4B38-B958-4726CB86595C}.Release|x86.Build.0 = Release|Any CPU
		{5446B5B3-4DB6-4F9D-947C-3758F4F8531E}.Debug|Any CPU.ActiveCfg = Debug|Any CPU
		{5446B5B3-4DB6-4F9D-947C-3758F4F8531E}.Debug|Any CPU.Build.0 = Debug|Any CPU
		{5446B5B3-4DB6-4F9D-947C-3758F4F8531E}.Debug|x64.ActiveCfg = Debug|Any CPU
		{5446B5B3-4DB6-4F9D-947C-3758F4F8531E}.Debug|x64.Build.0 = Debug|Any CPU
		{5446B5B3-4DB6-4F9D-947C-3758F4F8531E}.Debug|x86.ActiveCfg = Debug|Any CPU
		{5446B5B3-4DB6-4F9D-947C-3758F4F8531E}.Debug|x86.Build.0 = Debug|Any CPU
		{5446B5B3-4DB6-4F9D-947C-3758F4F8531E}.Release|Any CPU.ActiveCfg = Release|Any CPU
		{5446B5B3-4DB6-4F9D-947C-3758F4F8531E}.Release|Any CPU.Build.0 = Release|Any CPU
		{5446B5B3-4DB6-4F9D-947C-3758F4F8531E}.Release|x64.ActiveCfg = Release|Any CPU
		{5446B5B3-4DB6-4F9D-947C-3758F4F8531E}.Release|x64.Build.0 = Release|Any CPU
		{5446B5B3-4DB6-4F9D-947C-3758F4F8531E}.Release|x86.ActiveCfg = Release|Any CPU
		{5446B5B3-4DB6-4F9D-947C-3758F4F8531E}.Release|x86.Build.0 = Release|Any CPU
		{8EA885D1-C3B1-4E31-993C-DD1AF07487C7}.Debug|Any CPU.ActiveCfg = Debug|Any CPU
		{8EA885D1-C3B1-4E31-993C-DD1AF07487C7}.Debug|Any CPU.Build.0 = Debug|Any CPU
		{8EA885D1-C3B1-4E31-993C-DD1AF07487C7}.Debug|x64.ActiveCfg = Debug|Any CPU
		{8EA885D1-C3B1-4E31-993C-DD1AF07487C7}.Debug|x64.Build.0 = Debug|Any CPU
		{8EA885D1-C3B1-4E31-993C-DD1AF07487C7}.Debug|x86.ActiveCfg = Debug|Any CPU
		{8EA885D1-C3B1-4E31-993C-DD1AF07487C7}.Debug|x86.Build.0 = Debug|Any CPU
		{8EA885D1-C3B1-4E31-993C-DD1AF07487C7}.Release|Any CPU.ActiveCfg = Release|Any CPU
		{8EA885D1-C3B1-4E31-993C-DD1AF07487C7}.Release|Any CPU.Build.0 = Release|Any CPU
		{8EA885D1-C3B1-4E31-993C-DD1AF07487C7}.Release|x64.ActiveCfg = Release|Any CPU
		{8EA885D1-C3B1-4E31-993C-DD1AF07487C7}.Release|x64.Build.0 = Release|Any CPU
		{8EA885D1-C3B1-4E31-993C-DD1AF07487C7}.Release|x86.ActiveCfg = Release|Any CPU
		{8EA885D1-C3B1-4E31-993C-DD1AF07487C7}.Release|x86.Build.0 = Release|Any CPU
		{F5A282E9-E3A8-476B-B855-8F3A273D80CE}.Debug|Any CPU.ActiveCfg = Debug|Any CPU
		{F5A282E9-E3A8-476B-B855-8F3A273D80CE}.Debug|Any CPU.Build.0 = Debug|Any CPU
		{F5A282E9-E3A8-476B-B855-8F3A273D80CE}.Debug|x64.ActiveCfg = Debug|Any CPU
		{F5A282E9-E3A8-476B-B855-8F3A273D80CE}.Debug|x64.Build.0 = Debug|Any CPU
		{F5A282E9-E3A8-476B-B855-8F3A273D80CE}.Debug|x86.ActiveCfg = Debug|Any CPU
		{F5A282E9-E3A8-476B-B855-8F3A273D80CE}.Debug|x86.Build.0 = Debug|Any CPU
		{F5A282E9-E3A8-476B-B855-8F3A273D80CE}.Release|Any CPU.ActiveCfg = Release|Any CPU
		{F5A282E9-E3A8-476B-B855-8F3A273D80CE}.Release|Any CPU.Build.0 = Release|Any CPU
		{F5A282E9-E3A8-476B-B855-8F3A273D80CE}.Release|x64.ActiveCfg = Release|Any CPU
		{F5A282E9-E3A8-476B-B855-8F3A273D80CE}.Release|x64.Build.0 = Release|Any CPU
		{F5A282E9-E3A8-476B-B855-8F3A273D80CE}.Release|x86.ActiveCfg = Release|Any CPU
		{F5A282E9-E3A8-476B-B855-8F3A273D80CE}.Release|x86.Build.0 = Release|Any CPU
		{D4906062-9506-4F36-9CB2-F3747A2C1BE5}.Debug|Any CPU.ActiveCfg = Debug|Any CPU
		{D4906062-9506-4F36-9CB2-F3747A2C1BE5}.Debug|Any CPU.Build.0 = Debug|Any CPU
		{D4906062-9506-4F36-9CB2-F3747A2C1BE5}.Debug|x64.ActiveCfg = Debug|Any CPU
		{D4906062-9506-4F36-9CB2-F3747A2C1BE5}.Debug|x64.Build.0 = Debug|Any CPU
		{D4906062-9506-4F36-9CB2-F3747A2C1BE5}.Debug|x86.ActiveCfg = Debug|Any CPU
		{D4906062-9506-4F36-9CB2-F3747A2C1BE5}.Debug|x86.Build.0 = Debug|Any CPU
		{D4906062-9506-4F36-9CB2-F3747A2C1BE5}.Release|Any CPU.ActiveCfg = Release|Any CPU
		{D4906062-9506-4F36-9CB2-F3747A2C1BE5}.Release|Any CPU.Build.0 = Release|Any CPU
		{D4906062-9506-4F36-9CB2-F3747A2C1BE5}.Release|x64.ActiveCfg = Release|Any CPU
		{D4906062-9506-4F36-9CB2-F3747A2C1BE5}.Release|x64.Build.0 = Release|Any CPU
		{D4906062-9506-4F36-9CB2-F3747A2C1BE5}.Release|x86.ActiveCfg = Release|Any CPU
		{D4906062-9506-4F36-9CB2-F3747A2C1BE5}.Release|x86.Build.0 = Release|Any CPU
		{9FBC927D-4DC7-4928-869A-28ADDD7E051D}.Debug|Any CPU.ActiveCfg = Debug|Any CPU
		{9FBC927D-4DC7-4928-869A-28ADDD7E051D}.Debug|Any CPU.Build.0 = Debug|Any CPU
		{9FBC927D-4DC7-4928-869A-28ADDD7E051D}.Debug|x64.ActiveCfg = Debug|Any CPU
		{9FBC927D-4DC7-4928-869A-28ADDD7E051D}.Debug|x64.Build.0 = Debug|Any CPU
		{9FBC927D-4DC7-4928-869A-28ADDD7E051D}.Debug|x86.ActiveCfg = Debug|Any CPU
		{9FBC927D-4DC7-4928-869A-28ADDD7E051D}.Debug|x86.Build.0 = Debug|Any CPU
		{9FBC927D-4DC7-4928-869A-28ADDD7E051D}.Release|Any CPU.ActiveCfg = Release|Any CPU
		{9FBC927D-4DC7-4928-869A-28ADDD7E051D}.Release|Any CPU.Build.0 = Release|Any CPU
		{9FBC927D-4DC7-4928-869A-28ADDD7E051D}.Release|x64.ActiveCfg = Release|Any CPU
		{9FBC927D-4DC7-4928-869A-28ADDD7E051D}.Release|x64.Build.0 = Release|Any CPU
		{9FBC927D-4DC7-4928-869A-28ADDD7E051D}.Release|x86.ActiveCfg = Release|Any CPU
		{9FBC927D-4DC7-4928-869A-28ADDD7E051D}.Release|x86.Build.0 = Release|Any CPU
		{37532839-2FBB-4972-B233-29573466C1DF}.Debug|Any CPU.ActiveCfg = Debug|Any CPU
		{37532839-2FBB-4972-B233-29573466C1DF}.Debug|Any CPU.Build.0 = Debug|Any CPU
		{37532839-2FBB-4972-B233-29573466C1DF}.Debug|x64.ActiveCfg = Debug|Any CPU
		{37532839-2FBB-4972-B233-29573466C1DF}.Debug|x64.Build.0 = Debug|Any CPU
		{37532839-2FBB-4972-B233-29573466C1DF}.Debug|x86.ActiveCfg = Debug|Any CPU
		{37532839-2FBB-4972-B233-29573466C1DF}.Debug|x86.Build.0 = Debug|Any CPU
		{37532839-2FBB-4972-B233-29573466C1DF}.Release|Any CPU.ActiveCfg = Release|Any CPU
		{37532839-2FBB-4972-B233-29573466C1DF}.Release|Any CPU.Build.0 = Release|Any CPU
		{37532839-2FBB-4972-B233-29573466C1DF}.Release|x64.ActiveCfg = Release|Any CPU
		{37532839-2FBB-4972-B233-29573466C1DF}.Release|x64.Build.0 = Release|Any CPU
		{37532839-2FBB-4972-B233-29573466C1DF}.Release|x86.ActiveCfg = Release|Any CPU
		{37532839-2FBB-4972-B233-29573466C1DF}.Release|x86.Build.0 = Release|Any CPU
		{C44B044D-2830-44DE-99FE-599E5BFB249A}.Debug|Any CPU.ActiveCfg = Debug|Any CPU
		{C44B044D-2830-44DE-99FE-599E5BFB249A}.Debug|Any CPU.Build.0 = Debug|Any CPU
		{C44B044D-2830-44DE-99FE-599E5BFB249A}.Debug|x64.ActiveCfg = Debug|Any CPU
		{C44B044D-2830-44DE-99FE-599E5BFB249A}.Debug|x64.Build.0 = Debug|Any CPU
		{C44B044D-2830-44DE-99FE-599E5BFB249A}.Debug|x86.ActiveCfg = Debug|Any CPU
		{C44B044D-2830-44DE-99FE-599E5BFB249A}.Debug|x86.Build.0 = Debug|Any CPU
		{C44B044D-2830-44DE-99FE-599E5BFB249A}.Release|Any CPU.ActiveCfg = Release|Any CPU
		{C44B044D-2830-44DE-99FE-599E5BFB249A}.Release|Any CPU.Build.0 = Release|Any CPU
		{C44B044D-2830-44DE-99FE-599E5BFB249A}.Release|x64.ActiveCfg = Release|Any CPU
		{C44B044D-2830-44DE-99FE-599E5BFB249A}.Release|x64.Build.0 = Release|Any CPU
		{C44B044D-2830-44DE-99FE-599E5BFB249A}.Release|x86.ActiveCfg = Release|Any CPU
		{C44B044D-2830-44DE-99FE-599E5BFB249A}.Release|x86.Build.0 = Release|Any CPU
		{93F34560-3046-42E8-A31A-4F9BCCABDD8D}.Debug|Any CPU.ActiveCfg = Debug|Any CPU
		{93F34560-3046-42E8-A31A-4F9BCCABDD8D}.Debug|Any CPU.Build.0 = Debug|Any CPU
		{93F34560-3046-42E8-A31A-4F9BCCABDD8D}.Debug|x64.ActiveCfg = Debug|Any CPU
		{93F34560-3046-42E8-A31A-4F9BCCABDD8D}.Debug|x64.Build.0 = Debug|Any CPU
		{93F34560-3046-42E8-A31A-4F9BCCABDD8D}.Debug|x86.ActiveCfg = Debug|Any CPU
		{93F34560-3046-42E8-A31A-4F9BCCABDD8D}.Debug|x86.Build.0 = Debug|Any CPU
		{93F34560-3046-42E8-A31A-4F9BCCABDD8D}.Release|Any CPU.ActiveCfg = Release|Any CPU
		{93F34560-3046-42E8-A31A-4F9BCCABDD8D}.Release|Any CPU.Build.0 = Release|Any CPU
		{93F34560-3046-42E8-A31A-4F9BCCABDD8D}.Release|x64.ActiveCfg = Release|Any CPU
		{93F34560-3046-42E8-A31A-4F9BCCABDD8D}.Release|x64.Build.0 = Release|Any CPU
		{93F34560-3046-42E8-A31A-4F9BCCABDD8D}.Release|x86.ActiveCfg = Release|Any CPU
		{93F34560-3046-42E8-A31A-4F9BCCABDD8D}.Release|x86.Build.0 = Release|Any CPU
		{B9C28DEC-A32A-460E-986D-A4A3036D730F}.Debug|Any CPU.ActiveCfg = Debug|Any CPU
		{B9C28DEC-A32A-460E-986D-A4A3036D730F}.Debug|Any CPU.Build.0 = Debug|Any CPU
		{B9C28DEC-A32A-460E-986D-A4A3036D730F}.Debug|x64.ActiveCfg = Debug|Any CPU
		{B9C28DEC-A32A-460E-986D-A4A3036D730F}.Debug|x64.Build.0 = Debug|Any CPU
		{B9C28DEC-A32A-460E-986D-A4A3036D730F}.Debug|x86.ActiveCfg = Debug|Any CPU
		{B9C28DEC-A32A-460E-986D-A4A3036D730F}.Debug|x86.Build.0 = Debug|Any CPU
		{B9C28DEC-A32A-460E-986D-A4A3036D730F}.Release|Any CPU.ActiveCfg = Release|Any CPU
		{B9C28DEC-A32A-460E-986D-A4A3036D730F}.Release|Any CPU.Build.0 = Release|Any CPU
		{B9C28DEC-A32A-460E-986D-A4A3036D730F}.Release|x64.ActiveCfg = Release|Any CPU
		{B9C28DEC-A32A-460E-986D-A4A3036D730F}.Release|x64.Build.0 = Release|Any CPU
		{B9C28DEC-A32A-460E-986D-A4A3036D730F}.Release|x86.ActiveCfg = Release|Any CPU
		{B9C28DEC-A32A-460E-986D-A4A3036D730F}.Release|x86.Build.0 = Release|Any CPU
		{7D9CA92A-6A7D-466D-A806-926CECA8F2CF}.Debug|Any CPU.ActiveCfg = Debug|Any CPU
		{7D9CA92A-6A7D-466D-A806-926CECA8F2CF}.Debug|Any CPU.Build.0 = Debug|Any CPU
		{7D9CA92A-6A7D-466D-A806-926CECA8F2CF}.Debug|x64.ActiveCfg = Debug|Any CPU
		{7D9CA92A-6A7D-466D-A806-926CECA8F2CF}.Debug|x64.Build.0 = Debug|Any CPU
		{7D9CA92A-6A7D-466D-A806-926CECA8F2CF}.Debug|x86.ActiveCfg = Debug|Any CPU
		{7D9CA92A-6A7D-466D-A806-926CECA8F2CF}.Debug|x86.Build.0 = Debug|Any CPU
		{7D9CA92A-6A7D-466D-A806-926CECA8F2CF}.Release|Any CPU.ActiveCfg = Release|Any CPU
		{7D9CA92A-6A7D-466D-A806-926CECA8F2CF}.Release|Any CPU.Build.0 = Release|Any CPU
		{7D9CA92A-6A7D-466D-A806-926CECA8F2CF}.Release|x64.ActiveCfg = Release|Any CPU
		{7D9CA92A-6A7D-466D-A806-926CECA8F2CF}.Release|x64.Build.0 = Release|Any CPU
		{7D9CA92A-6A7D-466D-A806-926CECA8F2CF}.Release|x86.ActiveCfg = Release|Any CPU
		{7D9CA92A-6A7D-466D-A806-926CECA8F2CF}.Release|x86.Build.0 = Release|Any CPU
		{2667A1B6-C000-47A5-B62A-6EC05F8B11A8}.Debug|Any CPU.ActiveCfg = Debug|Any CPU
		{2667A1B6-C000-47A5-B62A-6EC05F8B11A8}.Debug|Any CPU.Build.0 = Debug|Any CPU
		{2667A1B6-C000-47A5-B62A-6EC05F8B11A8}.Debug|x64.ActiveCfg = Debug|Any CPU
		{2667A1B6-C000-47A5-B62A-6EC05F8B11A8}.Debug|x64.Build.0 = Debug|Any CPU
		{2667A1B6-C000-47A5-B62A-6EC05F8B11A8}.Debug|x86.ActiveCfg = Debug|Any CPU
		{2667A1B6-C000-47A5-B62A-6EC05F8B11A8}.Debug|x86.Build.0 = Debug|Any CPU
		{2667A1B6-C000-47A5-B62A-6EC05F8B11A8}.Release|Any CPU.ActiveCfg = Release|Any CPU
		{2667A1B6-C000-47A5-B62A-6EC05F8B11A8}.Release|Any CPU.Build.0 = Release|Any CPU
		{2667A1B6-C000-47A5-B62A-6EC05F8B11A8}.Release|x64.ActiveCfg = Release|Any CPU
		{2667A1B6-C000-47A5-B62A-6EC05F8B11A8}.Release|x64.Build.0 = Release|Any CPU
		{2667A1B6-C000-47A5-B62A-6EC05F8B11A8}.Release|x86.ActiveCfg = Release|Any CPU
		{2667A1B6-C000-47A5-B62A-6EC05F8B11A8}.Release|x86.Build.0 = Release|Any CPU
		{DF4E01A0-1493-4FC1-BE9A-D2B2CD20A984}.Debug|Any CPU.ActiveCfg = Debug|Any CPU
		{DF4E01A0-1493-4FC1-BE9A-D2B2CD20A984}.Debug|Any CPU.Build.0 = Debug|Any CPU
		{DF4E01A0-1493-4FC1-BE9A-D2B2CD20A984}.Debug|x64.ActiveCfg = Debug|Any CPU
		{DF4E01A0-1493-4FC1-BE9A-D2B2CD20A984}.Debug|x64.Build.0 = Debug|Any CPU
		{DF4E01A0-1493-4FC1-BE9A-D2B2CD20A984}.Debug|x86.ActiveCfg = Debug|Any CPU
		{DF4E01A0-1493-4FC1-BE9A-D2B2CD20A984}.Debug|x86.Build.0 = Debug|Any CPU
		{DF4E01A0-1493-4FC1-BE9A-D2B2CD20A984}.Release|Any CPU.ActiveCfg = Release|Any CPU
		{DF4E01A0-1493-4FC1-BE9A-D2B2CD20A984}.Release|Any CPU.Build.0 = Release|Any CPU
		{DF4E01A0-1493-4FC1-BE9A-D2B2CD20A984}.Release|x64.ActiveCfg = Release|Any CPU
		{DF4E01A0-1493-4FC1-BE9A-D2B2CD20A984}.Release|x64.Build.0 = Release|Any CPU
		{DF4E01A0-1493-4FC1-BE9A-D2B2CD20A984}.Release|x86.ActiveCfg = Release|Any CPU
		{DF4E01A0-1493-4FC1-BE9A-D2B2CD20A984}.Release|x86.Build.0 = Release|Any CPU
		{08881F4F-3CD6-4BAE-84F8-72CDE7778448}.Debug|Any CPU.ActiveCfg = Debug|Any CPU
		{08881F4F-3CD6-4BAE-84F8-72CDE7778448}.Debug|Any CPU.Build.0 = Debug|Any CPU
		{08881F4F-3CD6-4BAE-84F8-72CDE7778448}.Debug|x64.ActiveCfg = Debug|Any CPU
		{08881F4F-3CD6-4BAE-84F8-72CDE7778448}.Debug|x64.Build.0 = Debug|Any CPU
		{08881F4F-3CD6-4BAE-84F8-72CDE7778448}.Debug|x86.ActiveCfg = Debug|Any CPU
		{08881F4F-3CD6-4BAE-84F8-72CDE7778448}.Debug|x86.Build.0 = Debug|Any CPU
		{08881F4F-3CD6-4BAE-84F8-72CDE7778448}.Release|Any CPU.ActiveCfg = Release|Any CPU
		{08881F4F-3CD6-4BAE-84F8-72CDE7778448}.Release|Any CPU.Build.0 = Release|Any CPU
		{08881F4F-3CD6-4BAE-84F8-72CDE7778448}.Release|x64.ActiveCfg = Release|Any CPU
		{08881F4F-3CD6-4BAE-84F8-72CDE7778448}.Release|x64.Build.0 = Release|Any CPU
		{08881F4F-3CD6-4BAE-84F8-72CDE7778448}.Release|x86.ActiveCfg = Release|Any CPU
		{08881F4F-3CD6-4BAE-84F8-72CDE7778448}.Release|x86.Build.0 = Release|Any CPU
		{EDC81B0A-684E-4B58-86D0-D5FEBCFB12CB}.Debug|Any CPU.ActiveCfg = Debug|Any CPU
		{EDC81B0A-684E-4B58-86D0-D5FEBCFB12CB}.Debug|Any CPU.Build.0 = Debug|Any CPU
		{EDC81B0A-684E-4B58-86D0-D5FEBCFB12CB}.Debug|x64.ActiveCfg = Debug|Any CPU
		{EDC81B0A-684E-4B58-86D0-D5FEBCFB12CB}.Debug|x64.Build.0 = Debug|Any CPU
		{EDC81B0A-684E-4B58-86D0-D5FEBCFB12CB}.Debug|x86.ActiveCfg = Debug|Any CPU
		{EDC81B0A-684E-4B58-86D0-D5FEBCFB12CB}.Debug|x86.Build.0 = Debug|Any CPU
		{EDC81B0A-684E-4B58-86D0-D5FEBCFB12CB}.Release|Any CPU.ActiveCfg = Release|Any CPU
		{EDC81B0A-684E-4B58-86D0-D5FEBCFB12CB}.Release|Any CPU.Build.0 = Release|Any CPU
		{EDC81B0A-684E-4B58-86D0-D5FEBCFB12CB}.Release|x64.ActiveCfg = Release|Any CPU
		{EDC81B0A-684E-4B58-86D0-D5FEBCFB12CB}.Release|x64.Build.0 = Release|Any CPU
		{EDC81B0A-684E-4B58-86D0-D5FEBCFB12CB}.Release|x86.ActiveCfg = Release|Any CPU
		{EDC81B0A-684E-4B58-86D0-D5FEBCFB12CB}.Release|x86.Build.0 = Release|Any CPU
		{5CEEC4F5-7BB2-4382-96D8-3BCF98E2EE48}.Debug|Any CPU.ActiveCfg = Debug|Any CPU
		{5CEEC4F5-7BB2-4382-96D8-3BCF98E2EE48}.Debug|Any CPU.Build.0 = Debug|Any CPU
		{5CEEC4F5-7BB2-4382-96D8-3BCF98E2EE48}.Debug|x64.ActiveCfg = Debug|Any CPU
		{5CEEC4F5-7BB2-4382-96D8-3BCF98E2EE48}.Debug|x64.Build.0 = Debug|Any CPU
		{5CEEC4F5-7BB2-4382-96D8-3BCF98E2EE48}.Debug|x86.ActiveCfg = Debug|Any CPU
		{5CEEC4F5-7BB2-4382-96D8-3BCF98E2EE48}.Debug|x86.Build.0 = Debug|Any CPU
		{5CEEC4F5-7BB2-4382-96D8-3BCF98E2EE48}.Release|Any CPU.ActiveCfg = Release|Any CPU
		{5CEEC4F5-7BB2-4382-96D8-3BCF98E2EE48}.Release|Any CPU.Build.0 = Release|Any CPU
		{5CEEC4F5-7BB2-4382-96D8-3BCF98E2EE48}.Release|x64.ActiveCfg = Release|Any CPU
		{5CEEC4F5-7BB2-4382-96D8-3BCF98E2EE48}.Release|x64.Build.0 = Release|Any CPU
		{5CEEC4F5-7BB2-4382-96D8-3BCF98E2EE48}.Release|x86.ActiveCfg = Release|Any CPU
		{5CEEC4F5-7BB2-4382-96D8-3BCF98E2EE48}.Release|x86.Build.0 = Release|Any CPU
		{E07B5B22-2F4A-4EB7-8C16-51C1C2386B68}.Debug|Any CPU.ActiveCfg = Debug|Any CPU
		{E07B5B22-2F4A-4EB7-8C16-51C1C2386B68}.Debug|Any CPU.Build.0 = Debug|Any CPU
		{E07B5B22-2F4A-4EB7-8C16-51C1C2386B68}.Debug|x64.ActiveCfg = Debug|Any CPU
		{E07B5B22-2F4A-4EB7-8C16-51C1C2386B68}.Debug|x64.Build.0 = Debug|Any CPU
		{E07B5B22-2F4A-4EB7-8C16-51C1C2386B68}.Debug|x86.ActiveCfg = Debug|Any CPU
		{E07B5B22-2F4A-4EB7-8C16-51C1C2386B68}.Debug|x86.Build.0 = Debug|Any CPU
		{E07B5B22-2F4A-4EB7-8C16-51C1C2386B68}.Release|Any CPU.ActiveCfg = Release|Any CPU
		{E07B5B22-2F4A-4EB7-8C16-51C1C2386B68}.Release|Any CPU.Build.0 = Release|Any CPU
		{E07B5B22-2F4A-4EB7-8C16-51C1C2386B68}.Release|x64.ActiveCfg = Release|Any CPU
		{E07B5B22-2F4A-4EB7-8C16-51C1C2386B68}.Release|x64.Build.0 = Release|Any CPU
		{E07B5B22-2F4A-4EB7-8C16-51C1C2386B68}.Release|x86.ActiveCfg = Release|Any CPU
		{E07B5B22-2F4A-4EB7-8C16-51C1C2386B68}.Release|x86.Build.0 = Release|Any CPU
		{8EF23CCB-A2DF-4111-BE6A-C1588DA63236}.Debug|Any CPU.ActiveCfg = Debug|Any CPU
		{8EF23CCB-A2DF-4111-BE6A-C1588DA63236}.Debug|Any CPU.Build.0 = Debug|Any CPU
		{8EF23CCB-A2DF-4111-BE6A-C1588DA63236}.Debug|x64.ActiveCfg = Debug|Any CPU
		{8EF23CCB-A2DF-4111-BE6A-C1588DA63236}.Debug|x64.Build.0 = Debug|Any CPU
		{8EF23CCB-A2DF-4111-BE6A-C1588DA63236}.Debug|x86.ActiveCfg = Debug|Any CPU
		{8EF23CCB-A2DF-4111-BE6A-C1588DA63236}.Debug|x86.Build.0 = Debug|Any CPU
		{8EF23CCB-A2DF-4111-BE6A-C1588DA63236}.Release|Any CPU.ActiveCfg = Release|Any CPU
		{8EF23CCB-A2DF-4111-BE6A-C1588DA63236}.Release|Any CPU.Build.0 = Release|Any CPU
		{8EF23CCB-A2DF-4111-BE6A-C1588DA63236}.Release|x64.ActiveCfg = Release|Any CPU
		{8EF23CCB-A2DF-4111-BE6A-C1588DA63236}.Release|x64.Build.0 = Release|Any CPU
		{8EF23CCB-A2DF-4111-BE6A-C1588DA63236}.Release|x86.ActiveCfg = Release|Any CPU
		{8EF23CCB-A2DF-4111-BE6A-C1588DA63236}.Release|x86.Build.0 = Release|Any CPU
		{AA7796C8-DC93-49E8-B0D3-5BC4731E0885}.Debug|Any CPU.ActiveCfg = Debug|Any CPU
		{AA7796C8-DC93-49E8-B0D3-5BC4731E0885}.Debug|Any CPU.Build.0 = Debug|Any CPU
		{AA7796C8-DC93-49E8-B0D3-5BC4731E0885}.Debug|x64.ActiveCfg = Debug|Any CPU
		{AA7796C8-DC93-49E8-B0D3-5BC4731E0885}.Debug|x64.Build.0 = Debug|Any CPU
		{AA7796C8-DC93-49E8-B0D3-5BC4731E0885}.Debug|x86.ActiveCfg = Debug|Any CPU
		{AA7796C8-DC93-49E8-B0D3-5BC4731E0885}.Debug|x86.Build.0 = Debug|Any CPU
		{AA7796C8-DC93-49E8-B0D3-5BC4731E0885}.Release|Any CPU.ActiveCfg = Release|Any CPU
		{AA7796C8-DC93-49E8-B0D3-5BC4731E0885}.Release|Any CPU.Build.0 = Release|Any CPU
		{AA7796C8-DC93-49E8-B0D3-5BC4731E0885}.Release|x64.ActiveCfg = Release|Any CPU
		{AA7796C8-DC93-49E8-B0D3-5BC4731E0885}.Release|x64.Build.0 = Release|Any CPU
		{AA7796C8-DC93-49E8-B0D3-5BC4731E0885}.Release|x86.ActiveCfg = Release|Any CPU
		{AA7796C8-DC93-49E8-B0D3-5BC4731E0885}.Release|x86.Build.0 = Release|Any CPU
	EndGlobalSection
	GlobalSection(NestedProjects) = preSolution
		{C0DDE9D3-86DE-44E8-A885-5A808A15E011} = {D8873A70-D362-46F4-8DE3-86D31B89B54D}
		{EB6B871A-3906-424F-9CA3-A30CA222467F} = {C0DDE9D3-86DE-44E8-A885-5A808A15E011}
		{450AF78F-CCBD-4A67-804C-321D6EC49A57} = {C0DDE9D3-86DE-44E8-A885-5A808A15E011}
		{CBB1949B-AEFC-46CD-9F6C-96B62A8D122D} = {C0DDE9D3-86DE-44E8-A885-5A808A15E011}
		{C4818FAB-F042-447D-A939-0893608566D9} = {C0DDE9D3-86DE-44E8-A885-5A808A15E011}
		{8378F4F5-55EA-402B-8F48-5E9393DC63F6} = {C0DDE9D3-86DE-44E8-A885-5A808A15E011}
		{484A959E-5D9E-4B03-BBD8-68223038D0B9} = {C0DDE9D3-86DE-44E8-A885-5A808A15E011}
		{3DE15D9F-B25B-4B38-B958-4726CB86595C} = {C0DDE9D3-86DE-44E8-A885-5A808A15E011}
		{8EA885D1-C3B1-4E31-993C-DD1AF07487C7} = {C0DDE9D3-86DE-44E8-A885-5A808A15E011}
		{C44B044D-2830-44DE-99FE-599E5BFB249A} = {C0DDE9D3-86DE-44E8-A885-5A808A15E011}
		{B9C28DEC-A32A-460E-986D-A4A3036D730F} = {C0DDE9D3-86DE-44E8-A885-5A808A15E011}
		{2C4193EB-242F-4F57-912E-BF81B4E12354} = {583ECE64-DF85-43EF-82F7-E128C3373067}
		{7D9CA92A-6A7D-466D-A806-926CECA8F2CF} = {2C4193EB-242F-4F57-912E-BF81B4E12354}
		{2667A1B6-C000-47A5-B62A-6EC05F8B11A8} = {2C4193EB-242F-4F57-912E-BF81B4E12354}
		{DF4E01A0-1493-4FC1-BE9A-D2B2CD20A984} = {2C4193EB-242F-4F57-912E-BF81B4E12354}
		{41E58F4F-3E09-4EB3-A762-5AF1F7A8DB53} = {583ECE64-DF85-43EF-82F7-E128C3373067}
		{08881F4F-3CD6-4BAE-84F8-72CDE7778448} = {41E58F4F-3E09-4EB3-A762-5AF1F7A8DB53}
		{73F841DF-2208-4EE1-B999-BA9D67AEDBD3} = {583ECE64-DF85-43EF-82F7-E128C3373067}
		{EDC81B0A-684E-4B58-86D0-D5FEBCFB12CB} = {73F841DF-2208-4EE1-B999-BA9D67AEDBD3}
		{21FB39B6-7679-4679-A90B-FB84C136DB49} = {583ECE64-DF85-43EF-82F7-E128C3373067}
		{5CEEC4F5-7BB2-4382-96D8-3BCF98E2EE48} = {21FB39B6-7679-4679-A90B-FB84C136DB49}
		{844BDC66-4193-4D3B-AAAD-47CFCB098BCC} = {583ECE64-DF85-43EF-82F7-E128C3373067}
		{E07B5B22-2F4A-4EB7-8C16-51C1C2386B68} = {844BDC66-4193-4D3B-AAAD-47CFCB098BCC}
		{8EF23CCB-A2DF-4111-BE6A-C1588DA63236} = {844BDC66-4193-4D3B-AAAD-47CFCB098BCC}
		{AA7796C8-DC93-49E8-B0D3-5BC4731E0885} = {844BDC66-4193-4D3B-AAAD-47CFCB098BCC}
		{B14C1168-1E20-413C-9B35-7B30CE153820} = {D8873A70-D362-46F4-8DE3-86D31B89B54D}
		{E5D7D803-19CA-4CA8-B0C4-78F4873B0254} = {B14C1168-1E20-413C-9B35-7B30CE153820}
		{DD6A391A-F9CE-4D0E-804E-26BD3C243F14} = {B14C1168-1E20-413C-9B35-7B30CE153820}
		{62E72195-C841-44A1-A430-AC0E08F403E8} = {B14C1168-1E20-413C-9B35-7B30CE153820}
		{DAB004DE-F96D-4E92-B0A5-D9A4654AAEEF} = {D8873A70-D362-46F4-8DE3-86D31B89B54D}
		{43991ECE-D2C0-4F43-BBD4-C2DA6CFDF3BF} = {DAB004DE-F96D-4E92-B0A5-D9A4654AAEEF}
		{CEBFE0EC-6CA6-4D72-8B36-E37F8800EC52} = {DAB004DE-F96D-4E92-B0A5-D9A4654AAEEF}
		{3C5904D6-C490-4925-AE34-4361976FB4F6} = {DAB004DE-F96D-4E92-B0A5-D9A4654AAEEF}
		{D155E651-263F-4AC1-AD68-777996E0F840} = {D8873A70-D362-46F4-8DE3-86D31B89B54D}
		{F5A282E9-E3A8-476B-B855-8F3A273D80CE} = {D155E651-263F-4AC1-AD68-777996E0F840}
		{D4906062-9506-4F36-9CB2-F3747A2C1BE5} = {D155E651-263F-4AC1-AD68-777996E0F840}
		{68A8E3BC-34D9-4767-A102-5D3F55B0F4E1} = {D8873A70-D362-46F4-8DE3-86D31B89B54D}
		{3F49818B-606E-4A01-B97F-39CC61F68BED} = {68A8E3BC-34D9-4767-A102-5D3F55B0F4E1}
		{07BABC29-BF76-4B7C-B46F-5932D26B6E76} = {68A8E3BC-34D9-4767-A102-5D3F55B0F4E1}
		{1F4F129F-8CD0-4542-A250-9347D911D76E} = {68A8E3BC-34D9-4767-A102-5D3F55B0F4E1}
		{22B74F46-55E3-49B9-8692-FD727B087342} = {D8873A70-D362-46F4-8DE3-86D31B89B54D}
		{5446B5B3-4DB6-4F9D-947C-3758F4F8531E} = {22B74F46-55E3-49B9-8692-FD727B087342}
		{9FBC927D-4DC7-4928-869A-28ADDD7E051D} = {22B74F46-55E3-49B9-8692-FD727B087342}
		{37532839-2FBB-4972-B233-29573466C1DF} = {22B74F46-55E3-49B9-8692-FD727B087342}
		{93F34560-3046-42E8-A31A-4F9BCCABDD8D} = {C96985E8-EEEE-467E-AB3E-F8DC5DD59FE0}
	EndGlobalSection
EndGlobal
